
Microsoft Visual Studio Solution File, Format Version 12.00
# Visual Studio Version 17
VisualStudioVersion = 17.11.35312.102
MinimumVisualStudioVersion = 10.0.40219.1
Project("{FAE04EC0-301F-11D3-BF4B-00C04F79EFBC}") = "IntentRecognitionBot", "IntentRecognitionBot\IntentRecognitionBot.csproj", "{8A85A166-6619-492A-80AA-4BB1E9B0275D}"
EndProject
Global
	GlobalSection(SolutionConfigurationPlatforms) = preSolution
		Debug|Any CPU = Debug|Any CPU
		Release|Any CPU = Release|Any CPU
	EndGlobalSection
	GlobalSection(ProjectConfigurationPlatforms) = postSolution
		{8A85A166-6619-492A-80AA-4BB1E9B0275D}.Debug|Any CPU.ActiveCfg = Debug|Any CPU
		{8A85A166-6619-492A-80AA-4BB1E9B0275D}.Debug|Any CPU.Build.0 = Debug|Any CPU
		{8A85A166-6619-492A-80AA-4BB1E9B0275D}.Release|Any CPU.ActiveCfg = Release|Any CPU
		{8A85A166-6619-492A-80AA-4BB1E9B0275D}.Release|Any CPU.Build.0 = Release|Any CPU
	EndGlobalSection
	GlobalSection(SolutionProperties) = preSolution
		HideSolutionNode = FALSE
	EndGlobalSection
	GlobalSection(ExtensibilityGlobals) = postSolution
		SolutionGuid = {945F5983-15F6-4198-A874-0BE47130D00D}
	EndGlobalSection
EndGlobal
